// !$*UTF8*$!
{
	archiveVersion = 1;
	classes = {
	};
	objectVersion = 50;
	objects = {

/* Begin PBXBuildFile section */
		14A5402D2EA244E100E8C752 /* CatAppApp.swift in Sources */ = {isa = PBXBuildFile; fileRef = 14A5402C2EA244E100E8C752 /* CatAppApp.swift */; };
		14A540312EA244E200E8C752 /* Assets.xcassets in Resources */ = {isa = PBXBuildFile; fileRef = 14A540302EA244E200E8C752 /* Assets.xcassets */; };
		14A540342EA244E200E8C752 /* Preview Assets.xcassets in Resources */ = {isa = PBXBuildFile; fileRef = 14A540332EA244E200E8C752 /* Preview Assets.xcassets */; };
		14A540392EA244E200E8C752 /* CatApp.xcdatamodeld in Sources */ = {isa = PBXBuildFile; fileRef = 14A540372EA244E200E8C752 /* CatApp.xcdatamodeld */; };
		14A540442EA244E200E8C752 /* CatAppTests.swift in Sources */ = {isa = PBXBuildFile; fileRef = 14A540432EA244E200E8C752 /* CatAppTests.swift */; };
		14A5404F2EA244E200E8C752 /* CatAppUITests.swift in Sources */ = {isa = PBXBuildFile; fileRef = 14A5404E2EA244E200E8C752 /* CatAppUITests.swift */; };
		14A540612EA2451A00E8C752 /* Breed.swift in Sources */ = {isa = PBXBuildFile; fileRef = 14A540602EA2451A00E8C752 /* Breed.swift */; };
		14A5406A2EA2454100E8C752 /* CatAPIClient.swift in Sources */ = {isa = PBXBuildFile; fileRef = 14A540692EA2454100E8C752 /* CatAPIClient.swift */; };
		14A540732EA2457D00E8C752 /* CoreDataManager.swift in Sources */ = {isa = PBXBuildFile; fileRef = 14A540722EA2457D00E8C752 /* CoreDataManager.swift */; };
		14A5407B2EA2466900E8C752 /* LifeSpanParser.swift in Sources */ = {isa = PBXBuildFile; fileRef = 14A5407A2EA2466900E8C752 /* LifeSpanParser.swift */; };
		14A540812EA246FF00E8C752 /* BreedEntity+CoreDataClass.swift in Sources */ = {isa = PBXBuildFile; fileRef = 14A5407F2EA246FF00E8C752 /* BreedEntity+CoreDataClass.swift */; };
		14A540822EA246FF00E8C752 /* BreedEntity+CoreDataProperties.swift in Sources */ = {isa = PBXBuildFile; fileRef = 14A540802EA246FF00E8C752 /* BreedEntity+CoreDataProperties.swift */; };
		14A540872EA2474A00E8C752 /* BreedRepository.swift in Sources */ = {isa = PBXBuildFile; fileRef = 14A540862EA2474A00E8C752 /* BreedRepository.swift */; };
		14A540902EA2476D00E8C752 /* BreedsListViewModel.swift in Sources */ = {isa = PBXBuildFile; fileRef = 14A5408F2EA2476D00E8C752 /* BreedsListViewModel.swift */; };
		14A540982EA2478700E8C752 /* FavoritesViewModel.swift in Sources */ = {isa = PBXBuildFile; fileRef = 14A540972EA2478700E8C752 /* FavoritesViewModel.swift */; };
		14A5409D2EA2479E00E8C752 /* BreedDetailViewModel.swift in Sources */ = {isa = PBXBuildFile; fileRef = 14A5409C2EA2479E00E8C752 /* BreedDetailViewModel.swift */; };
		14A540A32EA247C000E8C752 /* MainTabView.swift in Sources */ = {isa = PBXBuildFile; fileRef = 14A540A22EA247C000E8C752 /* MainTabView.swift */; };
		14A540AB2EA247DE00E8C752 /* BreedsListView.swift in Sources */ = {isa = PBXBuildFile; fileRef = 14A540AA2EA247DE00E8C752 /* BreedsListView.swift */; };
		14A540B52EA2481000E8C752 /* BreedDetailView.swift in Sources */ = {isa = PBXBuildFile; fileRef = 14A540B42EA2481000E8C752 /* BreedDetailView.swift */; };
		14A540BA2EA2482A00E8C752 /* FavoritesView.swift in Sources */ = {isa = PBXBuildFile; fileRef = 14A540B92EA2482A00E8C752 /* FavoritesView.swift */; };
		14A540BF2EA2484200E8C752 /* SearchBar.swift in Sources */ = {isa = PBXBuildFile; fileRef = 14A540BE2EA2484200E8C752 /* SearchBar.swift */; };
		14A540C42EA2485600E8C752 /* RemoteImageView.swift in Sources */ = {isa = PBXBuildFile; fileRef = 14A540C32EA2485600E8C752 /* RemoteImageView.swift */; };
		14A540D82EA248FA00E8C752 /* Secrets.swift in Sources */ = {isa = PBXBuildFile; fileRef = 14A540D72EA248FA00E8C752 /* Secrets.swift */; };
		14F544C92EA2747100A35E4D /* BreedCardView.swift in Sources */ = {isa = PBXBuildFile; fileRef = 14F544C82EA2747100A35E4D /* BreedCardView.swift */; };
		14F544E02EA2806100A35E4D /* tests.swift in Sources */ = {isa = PBXBuildFile; fileRef = 14F544DF2EA2806100A35E4D /* tests.swift */; };
/* End PBXBuildFile section */

/* Begin PBXContainerItemProxy section */
		14A540402EA244E200E8C752 /* PBXContainerItemProxy */ = {
			isa = PBXContainerItemProxy;
			containerPortal = 14A540212EA244E100E8C752 /* Project object */;
			proxyType = 1;
			remoteGlobalIDString = 14A540282EA244E100E8C752;
			remoteInfo = CatApp;
		};
		14A5404B2EA244E200E8C752 /* PBXContainerItemProxy */ = {
			isa = PBXContainerItemProxy;
			containerPortal = 14A540212EA244E100E8C752 /* Project object */;
			proxyType = 1;
			remoteGlobalIDString = 14A540282EA244E100E8C752;
			remoteInfo = CatApp;
		};
/* End PBXContainerItemProxy section */

/* Begin PBXFileReference section */
		14A540292EA244E100E8C752 /* CatApp.app */ = {isa = PBXFileReference; explicitFileType = wrapper.application; includeInIndex = 0; path = CatApp.app; sourceTree = BUILT_PRODUCTS_DIR; };
		14A5402C2EA244E100E8C752 /* CatAppApp.swift */ = {isa = PBXFileReference; lastKnownFileType = sourcecode.swift; path = CatAppApp.swift; sourceTree = "<group>"; };
		14A540302EA244E200E8C752 /* Assets.xcassets */ = {isa = PBXFileReference; lastKnownFileType = folder.assetcatalog; path = Assets.xcassets; sourceTree = "<group>"; };
		14A540332EA244E200E8C752 /* Preview Assets.xcassets */ = {isa = PBXFileReference; lastKnownFileType = folder.assetcatalog; path = "Preview Assets.xcassets"; sourceTree = "<group>"; };
		14A540382EA244E200E8C752 /* CatApp.xcdatamodel */ = {isa = PBXFileReference; lastKnownFileType = wrapper.xcdatamodel; path = CatApp.xcdatamodel; sourceTree = "<group>"; };
		14A5403A2EA244E200E8C752 /* Info.plist */ = {isa = PBXFileReference; lastKnownFileType = text.plist.xml; path = Info.plist; sourceTree = "<group>"; };
		14A5403F2EA244E200E8C752 /* CatAppTests.xctest */ = {isa = PBXFileReference; explicitFileType = wrapper.cfbundle; includeInIndex = 0; path = CatAppTests.xctest; sourceTree = BUILT_PRODUCTS_DIR; };
		14A540432EA244E200E8C752 /* CatAppTests.swift */ = {isa = PBXFileReference; lastKnownFileType = sourcecode.swift; path = CatAppTests.swift; sourceTree = "<group>"; };
		14A540452EA244E200E8C752 /* Info.plist */ = {isa = PBXFileReference; lastKnownFileType = text.plist.xml; path = Info.plist; sourceTree = "<group>"; };
		14A5404A2EA244E200E8C752 /* CatAppUITests.xctest */ = {isa = PBXFileReference; explicitFileType = wrapper.cfbundle; includeInIndex = 0; path = CatAppUITests.xctest; sourceTree = BUILT_PRODUCTS_DIR; };
		14A5404E2EA244E200E8C752 /* CatAppUITests.swift */ = {isa = PBXFileReference; lastKnownFileType = sourcecode.swift; path = CatAppUITests.swift; sourceTree = "<group>"; };
		14A540502EA244E200E8C752 /* Info.plist */ = {isa = PBXFileReference; lastKnownFileType = text.plist.xml; path = Info.plist; sourceTree = "<group>"; };
		14A540602EA2451A00E8C752 /* Breed.swift */ = {isa = PBXFileReference; lastKnownFileType = sourcecode.swift; path = Breed.swift; sourceTree = "<group>"; };
		14A540692EA2454100E8C752 /* CatAPIClient.swift */ = {isa = PBXFileReference; lastKnownFileType = sourcecode.swift; path = CatAPIClient.swift; sourceTree = "<group>"; };
		14A540722EA2457D00E8C752 /* CoreDataManager.swift */ = {isa = PBXFileReference; lastKnownFileType = sourcecode.swift; path = CoreDataManager.swift; sourceTree = "<group>"; };
		14A5407A2EA2466900E8C752 /* LifeSpanParser.swift */ = {isa = PBXFileReference; lastKnownFileType = sourcecode.swift; path = LifeSpanParser.swift; sourceTree = "<group>"; };
		14A5407F2EA246FF00E8C752 /* BreedEntity+CoreDataClass.swift */ = {isa = PBXFileReference; lastKnownFileType = sourcecode.swift; path = "BreedEntity+CoreDataClass.swift"; sourceTree = "<group>"; };
		14A540802EA246FF00E8C752 /* BreedEntity+CoreDataProperties.swift */ = {isa = PBXFileReference; lastKnownFileType = sourcecode.swift; path = "BreedEntity+CoreDataProperties.swift"; sourceTree = "<group>"; };
		14A540862EA2474A00E8C752 /* BreedRepository.swift */ = {isa = PBXFileReference; lastKnownFileType = sourcecode.swift; path = BreedRepository.swift; sourceTree = "<group>"; };
		14A5408F2EA2476D00E8C752 /* BreedsListViewModel.swift */ = {isa = PBXFileReference; lastKnownFileType = sourcecode.swift; path = BreedsListViewModel.swift; sourceTree = "<group>"; };
		14A540972EA2478700E8C752 /* FavoritesViewModel.swift */ = {isa = PBXFileReference; lastKnownFileType = sourcecode.swift; path = FavoritesViewModel.swift; sourceTree = "<group>"; };
		14A5409C2EA2479E00E8C752 /* BreedDetailViewModel.swift */ = {isa = PBXFileReference; lastKnownFileType = sourcecode.swift; path = BreedDetailViewModel.swift; sourceTree = "<group>"; };
		14A540A22EA247C000E8C752 /* MainTabView.swift */ = {isa = PBXFileReference; lastKnownFileType = sourcecode.swift; path = MainTabView.swift; sourceTree = "<group>"; };
		14A540AA2EA247DE00E8C752 /* BreedsListView.swift */ = {isa = PBXFileReference; lastKnownFileType = sourcecode.swift; path = BreedsListView.swift; sourceTree = "<group>"; };
		14A540B42EA2481000E8C752 /* BreedDetailView.swift */ = {isa = PBXFileReference; lastKnownFileType = sourcecode.swift; path = BreedDetailView.swift; sourceTree = "<group>"; };
		14A540B92EA2482A00E8C752 /* FavoritesView.swift */ = {isa = PBXFileReference; lastKnownFileType = sourcecode.swift; path = FavoritesView.swift; sourceTree = "<group>"; };
		14A540BE2EA2484200E8C752 /* SearchBar.swift */ = {isa = PBXFileReference; lastKnownFileType = sourcecode.swift; path = SearchBar.swift; sourceTree = "<group>"; };
		14A540C32EA2485600E8C752 /* RemoteImageView.swift */ = {isa = PBXFileReference; lastKnownFileType = sourcecode.swift; path = RemoteImageView.swift; sourceTree = "<group>"; };
		14A540D72EA248FA00E8C752 /* Secrets.swift */ = {isa = PBXFileReference; lastKnownFileType = sourcecode.swift; path = Secrets.swift; sourceTree = "<group>"; };
		14F544C82EA2747100A35E4D /* BreedCardView.swift */ = {isa = PBXFileReference; lastKnownFileType = sourcecode.swift; path = BreedCardView.swift; sourceTree = "<group>"; };
		14F544DF2EA2806100A35E4D /* tests.swift */ = {isa = PBXFileReference; lastKnownFileType = sourcecode.swift; path = tests.swift; sourceTree = "<group>"; };
/* End PBXFileReference section */

/* Begin PBXFrameworksBuildPhase section */
		14A540262EA244E100E8C752 /* Frameworks */ = {
			isa = PBXFrameworksBuildPhase;
			buildActionMask = 2147483647;
			files = (
			);
			runOnlyForDeploymentPostprocessing = 0;
		};
		14A5403C2EA244E200E8C752 /* Frameworks */ = {
			isa = PBXFrameworksBuildPhase;
			buildActionMask = 2147483647;
			files = (
			);
			runOnlyForDeploymentPostprocessing = 0;
		};
		14A540472EA244E200E8C752 /* Frameworks */ = {
			isa = PBXFrameworksBuildPhase;
			buildActionMask = 2147483647;
			files = (
			);
			runOnlyForDeploymentPostprocessing = 0;
		};
/* End PBXFrameworksBuildPhase section */

/* Begin PBXGroup section */
		14A540202EA244E100E8C752 = {
			isa = PBXGroup;
			children = (
				14A5402B2EA244E100E8C752 /* CatApp */,
				14A540422EA244E200E8C752 /* CatAppTests */,
				14A5404D2EA244E200E8C752 /* CatAppUITests */,
				14A5402A2EA244E100E8C752 /* Products */,
			);
			sourceTree = "<group>";
		};
		14A5402A2EA244E100E8C752 /* Products */ = {
			isa = PBXGroup;
			children = (
				14A540292EA244E100E8C752 /* CatApp.app */,
				14A5403F2EA244E200E8C752 /* CatAppTests.xctest */,
				14A5404A2EA244E200E8C752 /* CatAppUITests.xctest */,
			);
			name = Products;
			sourceTree = "<group>";
		};
		14A5402B2EA244E100E8C752 /* CatApp */ = {
			isa = PBXGroup;
			children = (
				14A540C82EA2489200E8C752 /* UnitTests */,
				14A540A12EA247AF00E8C752 /* Views */,
				14A5408E2EA2475B00E8C752 /* ViewModels */,
				14A540712EA2456900E8C752 /* CoreDataPersistence */,
				14A540682EA2452A00E8C752 /* Netwroking */,
				14A5405F2EA244FC00E8C752 /* Model */,
				14A5402C2EA244E100E8C752 /* CatAppApp.swift */,
				14A540302EA244E200E8C752 /* Assets.xcassets */,
				14A5403A2EA244E200E8C752 /* Info.plist */,
				14A540372EA244E200E8C752 /* CatApp.xcdatamodeld */,
				14A540322EA244E200E8C752 /* Preview Content */,
			);
			path = CatApp;
			sourceTree = "<group>";
		};
		14A540322EA244E200E8C752 /* Preview Content */ = {
			isa = PBXGroup;
			children = (
				14A540332EA244E200E8C752 /* Preview Assets.xcassets */,
			);
			path = "Preview Content";
			sourceTree = "<group>";
		};
		14A540422EA244E200E8C752 /* CatAppTests */ = {
			isa = PBXGroup;
			children = (
				14A540432EA244E200E8C752 /* CatAppTests.swift */,
				14A540452EA244E200E8C752 /* Info.plist */,
			);
			path = CatAppTests;
			sourceTree = "<group>";
		};
		14A5404D2EA244E200E8C752 /* CatAppUITests */ = {
			isa = PBXGroup;
			children = (
				14A5404E2EA244E200E8C752 /* CatAppUITests.swift */,
				14A540502EA244E200E8C752 /* Info.plist */,
			);
			path = CatAppUITests;
			sourceTree = "<group>";
		};
		14A5405F2EA244FC00E8C752 /* Model */ = {
			isa = PBXGroup;
			children = (
				14A540602EA2451A00E8C752 /* Breed.swift */,
				14A5407A2EA2466900E8C752 /* LifeSpanParser.swift */,
			);
			path = Model;
			sourceTree = "<group>";
		};
		14A540682EA2452A00E8C752 /* Netwroking */ = {
			isa = PBXGroup;
			children = (
				14A540692EA2454100E8C752 /* CatAPIClient.swift */,
				14A540D72EA248FA00E8C752 /* Secrets.swift */,
			);
			path = Netwroking;
			sourceTree = "<group>";
		};
		14A540712EA2456900E8C752 /* CoreDataPersistence */ = {
			isa = PBXGroup;
			children = (
				14A5407F2EA246FF00E8C752 /* BreedEntity+CoreDataClass.swift */,
				14A540802EA246FF00E8C752 /* BreedEntity+CoreDataProperties.swift */,
				14A540722EA2457D00E8C752 /* CoreDataManager.swift */,
				14A540862EA2474A00E8C752 /* BreedRepository.swift */,
			);
			path = CoreDataPersistence;
			sourceTree = "<group>";
		};
		14A5408E2EA2475B00E8C752 /* ViewModels */ = {
			isa = PBXGroup;
			children = (
				14A5408F2EA2476D00E8C752 /* BreedsListViewModel.swift */,
				14A540972EA2478700E8C752 /* FavoritesViewModel.swift */,
				14A5409C2EA2479E00E8C752 /* BreedDetailViewModel.swift */,
			);
			path = ViewModels;
			sourceTree = "<group>";
		};
		14A540A12EA247AF00E8C752 /* Views */ = {
			isa = PBXGroup;
			children = (
				14A540A22EA247C000E8C752 /* MainTabView.swift */,
				14A540AA2EA247DE00E8C752 /* BreedsListView.swift */,
				14A540B42EA2481000E8C752 /* BreedDetailView.swift */,
				14A540B92EA2482A00E8C752 /* FavoritesView.swift */,
				14A540BE2EA2484200E8C752 /* SearchBar.swift */,
				14A540C32EA2485600E8C752 /* RemoteImageView.swift */,
				14F544C82EA2747100A35E4D /* BreedCardView.swift */,
			);
			path = Views;
			sourceTree = "<group>";
		};
		14A540C82EA2489200E8C752 /* UnitTests */ = {
			isa = PBXGroup;
			children = (
				14F544DF2EA2806100A35E4D /* tests.swift */,
			);
			path = UnitTests;
			sourceTree = "<group>";
		};
/* End PBXGroup section */

/* Begin PBXNativeTarget section */
		14A540282EA244E100E8C752 /* CatApp */ = {
			isa = PBXNativeTarget;
			buildConfigurationList = 14A540532EA244E200E8C752 /* Build configuration list for PBXNativeTarget "CatApp" */;
			buildPhases = (
				14A540252EA244E100E8C752 /* Sources */,
				14A540262EA244E100E8C752 /* Frameworks */,
				14A540272EA244E100E8C752 /* Resources */,
			);
			buildRules = (
			);
			dependencies = (
			);
			name = CatApp;
			productName = CatApp;
			productReference = 14A540292EA244E100E8C752 /* CatApp.app */;
			productType = "com.apple.product-type.application";
		};
		14A5403E2EA244E200E8C752 /* CatAppTests */ = {
			isa = PBXNativeTarget;
			buildConfigurationList = 14A540562EA244E200E8C752 /* Build configuration list for PBXNativeTarget "CatAppTests" */;
			buildPhases = (
				14A5403B2EA244E200E8C752 /* Sources */,
				14A5403C2EA244E200E8C752 /* Frameworks */,
				14A5403D2EA244E200E8C752 /* Resources */,
			);
			buildRules = (
			);
			dependencies = (
				14A540412EA244E200E8C752 /* PBXTargetDependency */,
			);
			name = CatAppTests;
			productName = CatAppTests;
			productReference = 14A5403F2EA244E200E8C752 /* CatAppTests.xctest */;
			productType = "com.apple.product-type.bundle.unit-test";
		};
		14A540492EA244E200E8C752 /* CatAppUITests */ = {
			isa = PBXNativeTarget;
			buildConfigurationList = 14A540592EA244E200E8C752 /* Build configuration list for PBXNativeTarget "CatAppUITests" */;
			buildPhases = (
				14A540462EA244E200E8C752 /* Sources */,
				14A540472EA244E200E8C752 /* Frameworks */,
				14A540482EA244E200E8C752 /* Resources */,
			);
			buildRules = (
			);
			dependencies = (
				14A5404C2EA244E200E8C752 /* PBXTargetDependency */,
			);
			name = CatAppUITests;
			productName = CatAppUITests;
			productReference = 14A5404A2EA244E200E8C752 /* CatAppUITests.xctest */;
			productType = "com.apple.product-type.bundle.ui-testing";
		};
/* End PBXNativeTarget section */

/* Begin PBXProject section */
		14A540212EA244E100E8C752 /* Project object */ = {
			isa = PBXProject;
			attributes = {
				LastSwiftUpdateCheck = 1240;
				LastUpgradeCheck = 1240;
				TargetAttributes = {
					14A540282EA244E100E8C752 = {
						CreatedOnToolsVersion = 12.4;
					};
					14A5403E2EA244E200E8C752 = {
						CreatedOnToolsVersion = 12.4;
						TestTargetID = 14A540282EA244E100E8C752;
					};
					14A540492EA244E200E8C752 = {
						CreatedOnToolsVersion = 12.4;
						TestTargetID = 14A540282EA244E100E8C752;
					};
				};
			};
			buildConfigurationList = 14A540242EA244E100E8C752 /* Build configuration list for PBXProject "CatApp" */;
			compatibilityVersion = "Xcode 9.3";
			developmentRegion = en;
			hasScannedForEncodings = 0;
			knownRegions = (
				en,
				Base,
			);
			mainGroup = 14A540202EA244E100E8C752;
			productRefGroup = 14A5402A2EA244E100E8C752 /* Products */;
			projectDirPath = "";
			projectRoot = "";
			targets = (
				14A540282EA244E100E8C752 /* CatApp */,
				14A5403E2EA244E200E8C752 /* CatAppTests */,
				14A540492EA244E200E8C752 /* CatAppUITests */,
			);
		};
/* End PBXProject section */

/* Begin PBXResourcesBuildPhase section */
		14A540272EA244E100E8C752 /* Resources */ = {
			isa = PBXResourcesBuildPhase;
			buildActionMask = 2147483647;
			files = (
				14A540342EA244E200E8C752 /* Preview Assets.xcassets in Resources */,
				14A540312EA244E200E8C752 /* Assets.xcassets in Resources */,
			);
			runOnlyForDeploymentPostprocessing = 0;
		};
		14A5403D2EA244E200E8C752 /* Resources */ = {
			isa = PBXResourcesBuildPhase;
			buildActionMask = 2147483647;
			files = (
			);
			runOnlyForDeploymentPostprocessing = 0;
		};
		14A540482EA244E200E8C752 /* Resources */ = {
			isa = PBXResourcesBuildPhase;
			buildActionMask = 2147483647;
			files = (
			);
			runOnlyForDeploymentPostprocessing = 0;
		};
/* End PBXResourcesBuildPhase section */

/* Begin PBXSourcesBuildPhase section */
		14A540252EA244E100E8C752 /* Sources */ = {
			isa = PBXSourcesBuildPhase;
			buildActionMask = 2147483647;
			files = (
				14A540392EA244E200E8C752 /* CatApp.xcdatamodeld in Sources */,
				14A540872EA2474A00E8C752 /* BreedRepository.swift in Sources */,
				14A540732EA2457D00E8C752 /* CoreDataManager.swift in Sources */,
				14A540812EA246FF00E8C752 /* BreedEntity+CoreDataClass.swift in Sources */,
				14A540612EA2451A00E8C752 /* Breed.swift in Sources */,
				14A5406A2EA2454100E8C752 /* CatAPIClient.swift in Sources */,
				14A5407B2EA2466900E8C752 /* LifeSpanParser.swift in Sources */,
				14A540902EA2476D00E8C752 /* BreedsListViewModel.swift in Sources */,
				14A5409D2EA2479E00E8C752 /* BreedDetailViewModel.swift in Sources */,
				14A540AB2EA247DE00E8C752 /* BreedsListView.swift in Sources */,
				14A540C42EA2485600E8C752 /* RemoteImageView.swift in Sources */,
				14A5402D2EA244E100E8C752 /* CatAppApp.swift in Sources */,
				14A540822EA246FF00E8C752 /* BreedEntity+CoreDataProperties.swift in Sources */,
				14A540982EA2478700E8C752 /* FavoritesViewModel.swift in Sources */,
				14A540B52EA2481000E8C752 /* BreedDetailView.swift in Sources */,
				14A540BF2EA2484200E8C752 /* SearchBar.swift in Sources */,
				14A540A32EA247C000E8C752 /* MainTabView.swift in Sources */,
				14A540BA2EA2482A00E8C752 /* FavoritesView.swift in Sources */,
				14F544C92EA2747100A35E4D /* BreedCardView.swift in Sources */,
				14A540D82EA248FA00E8C752 /* Secrets.swift in Sources */,
			);
			runOnlyForDeploymentPostprocessing = 0;
		};
		14A5403B2EA244E200E8C752 /* Sources */ = {
			isa = PBXSourcesBuildPhase;
			buildActionMask = 2147483647;
			files = (
				14A540442EA244E200E8C752 /* CatAppTests.swift in Sources */,
				14F544E02EA2806100A35E4D /* tests.swift in Sources */,
			);
			runOnlyForDeploymentPostprocessing = 0;
		};
		14A540462EA244E200E8C752 /* Sources */ = {
			isa = PBXSourcesBuildPhase;
			buildActionMask = 2147483647;
			files = (
				14A5404F2EA244E200E8C752 /* CatAppUITests.swift in Sources */,
			);
			runOnlyForDeploymentPostprocessing = 0;
		};
/* End PBXSourcesBuildPhase section */

/* Begin PBXTargetDependency section */
		14A540412EA244E200E8C752 /* PBXTargetDependency */ = {
			isa = PBXTargetDependency;
			target = 14A540282EA244E100E8C752 /* CatApp */;
			targetProxy = 14A540402EA244E200E8C752 /* PBXContainerItemProxy */;
		};
		14A5404C2EA244E200E8C752 /* PBXTargetDependency */ = {
			isa = PBXTargetDependency;
			target = 14A540282EA244E100E8C752 /* CatApp */;
			targetProxy = 14A5404B2EA244E200E8C752 /* PBXContainerItemProxy */;
		};
/* End PBXTargetDependency section */

/* Begin XCBuildConfiguration section */
		14A540512EA244E200E8C752 /* Debug */ = {
			isa = XCBuildConfiguration;
			buildSettings = {
				ALWAYS_SEARCH_USER_PATHS = NO;
				CLANG_ANALYZER_NONNULL = YES;
				CLANG_ANALYZER_NUMBER_OBJECT_CONVERSION = YES_AGGRESSIVE;
				CLANG_CXX_LANGUAGE_STANDARD = "gnu++14";
				CLANG_CXX_LIBRARY = "libc++";
				CLANG_ENABLE_MODULES = YES;
				CLANG_ENABLE_OBJC_ARC = YES;
				CLANG_ENABLE_OBJC_WEAK = YES;
				CLANG_WARN_BLOCK_CAPTURE_AUTORELEASING = YES;
				CLANG_WARN_BOOL_CONVERSION = YES;
				CLANG_WARN_COMMA = YES;
				CLANG_WARN_CONSTANT_CONVERSION = YES;
				CLANG_WARN_DEPRECATED_OBJC_IMPLEMENTATIONS = YES;
				CLANG_WARN_DIRECT_OBJC_ISA_USAGE = YES_ERROR;
				CLANG_WARN_DOCUMENTATION_COMMENTS = YES;
				CLANG_WARN_EMPTY_BODY = YES;
				CLANG_WARN_ENUM_CONVERSION = YES;
				CLANG_WARN_INFINITE_RECURSION = YES;
				CLANG_WARN_INT_CONVERSION = YES;
				CLANG_WARN_NON_LITERAL_NULL_CONVERSION = YES;
				CLANG_WARN_OBJC_IMPLICIT_RETAIN_SELF = YES;
				CLANG_WARN_OBJC_LITERAL_CONVERSION = YES;
				CLANG_WARN_OBJC_ROOT_CLASS = YES_ERROR;
				CLANG_WARN_QUOTED_INCLUDE_IN_FRAMEWORK_HEADER = YES;
				CLANG_WARN_RANGE_LOOP_ANALYSIS = YES;
				CLANG_WARN_STRICT_PROTOTYPES = YES;
				CLANG_WARN_SUSPICIOUS_MOVE = YES;
				CLANG_WARN_UNGUARDED_AVAILABILITY = YES_AGGRESSIVE;
				CLANG_WARN_UNREACHABLE_CODE = YES;
				CLANG_WARN__DUPLICATE_METHOD_MATCH = YES;
				COPY_PHASE_STRIP = NO;
				DEBUG_INFORMATION_FORMAT = dwarf;
				ENABLE_STRICT_OBJC_MSGSEND = YES;
				ENABLE_TESTABILITY = YES;
				GCC_C_LANGUAGE_STANDARD = gnu11;
				GCC_DYNAMIC_NO_PIC = NO;
				GCC_NO_COMMON_BLOCKS = YES;
				GCC_OPTIMIZATION_LEVEL = 0;
				GCC_PREPROCESSOR_DEFINITIONS = (
					"DEBUG=1",
					"$(inherited)",
				);
				GCC_WARN_64_TO_32_BIT_CONVERSION = YES;
				GCC_WARN_ABOUT_RETURN_TYPE = YES_ERROR;
				GCC_WARN_UNDECLARED_SELECTOR = YES;
				GCC_WARN_UNINITIALIZED_AUTOS = YES_AGGRESSIVE;
				GCC_WARN_UNUSED_FUNCTION = YES;
				GCC_WARN_UNUSED_VARIABLE = YES;
				IPHONEOS_DEPLOYMENT_TARGET = 14.4;
				MTL_ENABLE_DEBUG_INFO = INCLUDE_SOURCE;
				MTL_FAST_MATH = YES;
				ONLY_ACTIVE_ARCH = YES;
				SDKROOT = iphoneos;
				SWIFT_ACTIVE_COMPILATION_CONDITIONS = DEBUG;
				SWIFT_OPTIMIZATION_LEVEL = "-Onone";
			};
			name = Debug;
		};
		14A540522EA244E200E8C752 /* Release */ = {
			isa = XCBuildConfiguration;
			buildSettings = {
				ALWAYS_SEARCH_USER_PATHS = NO;
				CLANG_ANALYZER_NONNULL = YES;
				CLANG_ANALYZER_NUMBER_OBJECT_CONVERSION = YES_AGGRESSIVE;
				CLANG_CXX_LANGUAGE_STANDARD = "gnu++14";
				CLANG_CXX_LIBRARY = "libc++";
				CLANG_ENABLE_MODULES = YES;
				CLANG_ENABLE_OBJC_ARC = YES;
				CLANG_ENABLE_OBJC_WEAK = YES;
				CLANG_WARN_BLOCK_CAPTURE_AUTORELEASING = YES;
				CLANG_WARN_BOOL_CONVERSION = YES;
				CLANG_WARN_COMMA = YES;
				CLANG_WARN_CONSTANT_CONVERSION = YES;
				CLANG_WARN_DEPRECATED_OBJC_IMPLEMENTATIONS = YES;
				CLANG_WARN_DIRECT_OBJC_ISA_USAGE = YES_ERROR;
				CLANG_WARN_DOCUMENTATION_COMMENTS = YES;
				CLANG_WARN_EMPTY_BODY = YES;
				CLANG_WARN_ENUM_CONVERSION = YES;
				CLANG_WARN_INFINITE_RECURSION = YES;
				CLANG_WARN_INT_CONVERSION = YES;
				CLANG_WARN_NON_LITERAL_NULL_CONVERSION = YES;
				CLANG_WARN_OBJC_IMPLICIT_RETAIN_SELF = YES;
				CLANG_WARN_OBJC_LITERAL_CONVERSION = YES;
				CLANG_WARN_OBJC_ROOT_CLASS = YES_ERROR;
				CLANG_WARN_QUOTED_INCLUDE_IN_FRAMEWORK_HEADER = YES;
				CLANG_WARN_RANGE_LOOP_ANALYSIS = YES;
				CLANG_WARN_STRICT_PROTOTYPES = YES;
				CLANG_WARN_SUSPICIOUS_MOVE = YES;
				CLANG_WARN_UNGUARDED_AVAILABILITY = YES_AGGRESSIVE;
				CLANG_WARN_UNREACHABLE_CODE = YES;
				CLANG_WARN__DUPLICATE_METHOD_MATCH = YES;
				COPY_PHASE_STRIP = NO;
				DEBUG_INFORMATION_FORMAT = "dwarf-with-dsym";
				ENABLE_NS_ASSERTIONS = NO;
				ENABLE_STRICT_OBJC_MSGSEND = YES;
				GCC_C_LANGUAGE_STANDARD = gnu11;
				GCC_NO_COMMON_BLOCKS = YES;
				GCC_WARN_64_TO_32_BIT_CONVERSION = YES;
				GCC_WARN_ABOUT_RETURN_TYPE = YES_ERROR;
				GCC_WARN_UNDECLARED_SELECTOR = YES;
				GCC_WARN_UNINITIALIZED_AUTOS = YES_AGGRESSIVE;
				GCC_WARN_UNUSED_FUNCTION = YES;
				GCC_WARN_UNUSED_VARIABLE = YES;
				IPHONEOS_DEPLOYMENT_TARGET = 14.4;
				MTL_ENABLE_DEBUG_INFO = NO;
				MTL_FAST_MATH = YES;
				SDKROOT = iphoneos;
				SWIFT_COMPILATION_MODE = wholemodule;
				SWIFT_OPTIMIZATION_LEVEL = "-O";
				VALIDATE_PRODUCT = YES;
			};
			name = Release;
		};
		14A540542EA244E200E8C752 /* Debug */ = {
			isa = XCBuildConfiguration;
			buildSettings = {
				ASSETCATALOG_COMPILER_APPICON_NAME = AppIcon;
				ASSETCATALOG_COMPILER_GLOBAL_ACCENT_COLOR_NAME = AccentColor;
				CODE_SIGN_STYLE = Automatic;
				DEVELOPMENT_ASSET_PATHS = "\"CatApp/Preview Content\"";
				DEVELOPMENT_TEAM = 47487SKZ22;
				ENABLE_PREVIEWS = YES;
				INFOPLIST_FILE = CatApp/Info.plist;
				IPHONEOS_DEPLOYMENT_TARGET = 14.0;
				LD_RUNPATH_SEARCH_PATHS = (
					"$(inherited)",
					"@executable_path/Frameworks",
				);
				PRODUCT_BUNDLE_IDENTIFIER = test.CatApp;
				PRODUCT_NAME = "$(TARGET_NAME)";
				SWIFT_VERSION = 5.0;
				TARGETED_DEVICE_FAMILY = "1,2";
			};
			name = Debug;
		};
		14A540552EA244E200E8C752 /* Release */ = {
			isa = XCBuildConfiguration;
			buildSettings = {
				ASSETCATALOG_COMPILER_APPICON_NAME = AppIcon;
				ASSETCATALOG_COMPILER_GLOBAL_ACCENT_COLOR_NAME = AccentColor;
				CODE_SIGN_STYLE = Automatic;
				DEVELOPMENT_ASSET_PATHS = "\"CatApp/Preview Content\"";
				DEVELOPMENT_TEAM = 47487SKZ22;
				ENABLE_PREVIEWS = YES;
				INFOPLIST_FILE = CatApp/Info.plist;
				IPHONEOS_DEPLOYMENT_TARGET = 14.0;
				LD_RUNPATH_SEARCH_PATHS = (
					"$(inherited)",
					"@executable_path/Frameworks",
				);
				PRODUCT_BUNDLE_IDENTIFIER = test.CatApp;
				PRODUCT_NAME = "$(TARGET_NAME)";
				SWIFT_VERSION = 5.0;
				TARGETED_DEVICE_FAMILY = "1,2";
			};
			name = Release;
		};
		14A540572EA244E200E8C752 /* Debug */ = {
			isa = XCBuildConfiguration;
			buildSettings = {
				ALWAYS_EMBED_SWIFT_STANDARD_LIBRARIES = YES;
				BUNDLE_LOADER = "$(TEST_HOST)";
				CODE_SIGN_STYLE = Automatic;
				DEVELOPMENT_TEAM = 47487SKZ22;
				INFOPLIST_FILE = CatAppTests/Info.plist;
				IPHONEOS_DEPLOYMENT_TARGET = 14.0;
				LD_RUNPATH_SEARCH_PATHS = (
					"$(inherited)",
					"@executable_path/Frameworks",
					"@loader_path/Frameworks",
				);
				PRODUCT_BUNDLE_IDENTIFIER = test.CatAppTests;
				PRODUCT_NAME = "$(TARGET_NAME)";
				SWIFT_VERSION = 5.0;
				TARGETED_DEVICE_FAMILY = "1,2";
				TEST_HOST = "$(BUILT_PRODUCTS_DIR)/CatApp.app/CatApp";
			};
			name = Debug;
		};
		14A540582EA244E200E8C752 /* Release */ = {
			isa = XCBuildConfiguration;
			buildSettings = {
				ALWAYS_EMBED_SWIFT_STANDARD_LIBRARIES = YES;
				BUNDLE_LOADER = "$(TEST_HOST)";
				CODE_SIGN_STYLE = Automatic;
				DEVELOPMENT_TEAM = 47487SKZ22;
				INFOPLIST_FILE = CatAppTests/Info.plist;
				IPHONEOS_DEPLOYMENT_TARGET = 14.0;
				LD_RUNPATH_SEARCH_PATHS = (
					"$(inherited)",
					"@executable_path/Frameworks",
					"@loader_path/Frameworks",
				);
				PRODUCT_BUNDLE_IDENTIFIER = test.CatAppTests;
				PRODUCT_NAME = "$(TARGET_NAME)";
				SWIFT_VERSION = 5.0;
				TARGETED_DEVICE_FAMILY = "1,2";
				TEST_HOST = "$(BUILT_PRODUCTS_DIR)/CatApp.app/CatApp";
			};
			name = Release;
		};
		14A5405A2EA244E200E8C752 /* Debug */ = {
			isa = XCBuildConfiguration;
			buildSettings = {
				ALWAYS_EMBED_SWIFT_STANDARD_LIBRARIES = YES;
				CODE_SIGN_STYLE = Automatic;
				DEVELOPMENT_TEAM = 47487SKZ22;
				INFOPLIST_FILE = CatAppUITests/Info.plist;
				LD_RUNPATH_SEARCH_PATHS = (
					"$(inherited)",
					"@executable_path/Frameworks",
					"@loader_path/Frameworks",
				);
				PRODUCT_BUNDLE_IDENTIFIER = test.CatAppUITests;
				PRODUCT_NAME = "$(TARGET_NAME)";
				SWIFT_VERSION = 5.0;
				TARGETED_DEVICE_FAMILY = "1,2";
				TEST_TARGET_NAME = CatApp;
			};
			name = Debug;
		};
		14A5405B2EA244E200E8C752 /* Release */ = {
			isa = XCBuildConfiguration;
			buildSettings = {
				ALWAYS_EMBED_SWIFT_STANDARD_LIBRARIES = YES;
				CODE_SIGN_STYLE = Automatic;
				DEVELOPMENT_TEAM = 47487SKZ22;
				INFOPLIST_FILE = CatAppUITests/Info.plist;
				LD_RUNPATH_SEARCH_PATHS = (
					"$(inherited)",
					"@executable_path/Frameworks",
					"@loader_path/Frameworks",
				);
				PRODUCT_BUNDLE_IDENTIFIER = test.CatAppUITests;
				PRODUCT_NAME = "$(TARGET_NAME)";
				SWIFT_VERSION = 5.0;
				TARGETED_DEVICE_FAMILY = "1,2";
				TEST_TARGET_NAME = CatApp;
			};
			name = Release;
		};
/* End XCBuildConfiguration section */

/* Begin XCConfigurationList section */
		14A540242EA244E100E8C752 /* Build configuration list for PBXProject "CatApp" */ = {
			isa = XCConfigurationList;
			buildConfigurations = (
				14A540512EA244E200E8C752 /* Debug */,
				14A540522EA244E200E8C752 /* Release */,
			);
			defaultConfigurationIsVisible = 0;
			defaultConfigurationName = Release;
		};
		14A540532EA244E200E8C752 /* Build configuration list for PBXNativeTarget "CatApp" */ = {
			isa = XCConfigurationList;
			buildConfigurations = (
				14A540542EA244E200E8C752 /* Debug */,
				14A540552EA244E200E8C752 /* Release */,
			);
			defaultConfigurationIsVisible = 0;
			defaultConfigurationName = Release;
		};
		14A540562EA244E200E8C752 /* Build configuration list for PBXNativeTarget "CatAppTests" */ = {
			isa = XCConfigurationList;
			buildConfigurations = (
				14A540572EA244E200E8C752 /* Debug */,
				14A540582EA244E200E8C752 /* Release */,
			);
			defaultConfigurationIsVisible = 0;
			defaultConfigurationName = Release;
		};
		14A540592EA244E200E8C752 /* Build configuration list for PBXNativeTarget "CatAppUITests" */ = {
			isa = XCConfigurationList;
			buildConfigurations = (
				14A5405A2EA244E200E8C752 /* Debug */,
				14A5405B2EA244E200E8C752 /* Release */,
			);
			defaultConfigurationIsVisible = 0;
			defaultConfigurationName = Release;
		};
/* End XCConfigurationList section */

/* Begin XCVersionGroup section */
		14A540372EA244E200E8C752 /* CatApp.xcdatamodeld */ = {
			isa = XCVersionGroup;
			children = (
				14A540382EA244E200E8C752 /* CatApp.xcdatamodel */,
			);
			currentVersion = 14A540382EA244E200E8C752 /* CatApp.xcdatamodel */;
			path = CatApp.xcdatamodeld;
			sourceTree = "<group>";
			versionGroupType = wrapper.xcdatamodel;
		};
/* End XCVersionGroup section */
	};
	rootObject = 14A540212EA244E100E8C752 /* Project object */;
}
